{
  "version": 4,
  "terraform_version": "1.9.1",
  "serial": 47,
  "lineage": "d906654b-7726-e145-c5c7-6a34b00bed57",
  "outputs": {},
  "resources": [
    {
      "module": "module.mx_vlans",
      "mode": "managed",
      "type": "meraki_networks_appliance_vlans",
      "name": "vlan",
      "provider": "module.mx_vlans.provider[\"registry.terraform.io/cisco-open/meraki\"]",
      "instances": [
        {
          "index_key": "10",
          "schema_version": 0,
          "attributes": {
            "appliance_ip": "172.16.29.1",
            "cidr": null,
            "dhcp_boot_filename": "",
            "dhcp_boot_next_server": "",
            "dhcp_boot_options_enabled": false,
            "dhcp_handling": "Run a DHCP server",
            "dhcp_lease_time": "1 day",
            "dhcp_options": [],
            "dhcp_relay_server_ips": null,
            "dns_nameservers": "upstream_dns",
            "group_policy_id": "",
            "id": "10",
            "interface_id": "625437398251254370",
            "ipv6": {
              "enabled": false,
              "prefix_assignments": null
            },
            "mandatory_dhcp": {
              "enabled": false
            },
            "mask": 0,
            "name": "data",
            "network_id": "L_625437398251084715",
            "reserved_ip_ranges": [],
            "subnet": "172.16.29.0/24",
            "template_vlan_type": "",
            "vpn_nat_subnet": ""
          },
          "sensitive_attributes": [],
          "dependencies": [
            "module.mx_vlans.meraki_networks_appliance_vlans_settings.vlan_settings",
            "module.mx_vlans.time_sleep.wait_30_seconds",
            "module.networks.meraki_networks.network"
          ]
        },
        {
          "index_key": "20",
          "schema_version": 0,
          "attributes": {
            "appliance_ip": "172.16.30.1",
            "cidr": null,
            "dhcp_boot_filename": "",
            "dhcp_boot_next_server": "",
            "dhcp_boot_options_enabled": false,
            "dhcp_handling": "Run a DHCP server",
            "dhcp_lease_time": "1 day",
            "dhcp_options": [],
            "dhcp_relay_server_ips": null,
            "dns_nameservers": "upstream_dns",
            "group_policy_id": "",
            "id": "20",
            "interface_id": "625437398251254369",
            "ipv6": {
              "enabled": false,
              "prefix_assignments": null
            },
            "mandatory_dhcp": {
              "enabled": false
            },
            "mask": 0,
            "name": "voice",
            "network_id": "L_625437398251084715",
            "reserved_ip_ranges": [],
            "subnet": "172.16.30.0/24",
            "template_vlan_type": "",
            "vpn_nat_subnet": ""
          },
          "sensitive_attributes": [],
          "dependencies": [
            "module.mx_vlans.meraki_networks_appliance_vlans_settings.vlan_settings",
            "module.mx_vlans.time_sleep.wait_30_seconds",
            "module.networks.meraki_networks.network"
          ]
        }
      ]
    },
    {
      "module": "module.mx_vlans",
      "mode": "managed",
      "type": "meraki_networks_appliance_vlans_settings",
      "name": "vlan_settings",
      "provider": "module.mx_vlans.provider[\"registry.terraform.io/cisco-open/meraki\"]",
      "instances": [
        {
          "schema_version": 0,
          "attributes": {
            "network_id": "L_625437398251084715",
            "vlans_enabled": true
          },
          "sensitive_attributes": [],
          "dependencies": [
            "module.networks.meraki_networks.network"
          ]
        }
      ]
    },
    {
      "module": "module.mx_vlans",
      "mode": "managed",
      "type": "time_sleep",
      "name": "wait_30_seconds",
      "provider": "provider[\"registry.terraform.io/hashicorp/time\"]",
      "instances": [
        {
          "schema_version": 0,
          "attributes": {
            "create_duration": "30s",
            "destroy_duration": null,
            "id": "2025-04-29T22:50:04Z",
            "triggers": null
          },
          "sensitive_attributes": [],
          "dependencies": [
            "module.mx_vlans.meraki_networks_appliance_vlans_settings.vlan_settings",
            "module.networks.meraki_networks.network"
          ]
        }
      ]
    },
    {
      "module": "module.networks",
      "mode": "managed",
      "type": "meraki_networks",
      "name": "network",
      "provider": "module.networks.provider[\"registry.terraform.io/cisco-open/meraki\"]",
      "instances": [
        {
          "schema_version": 0,
          "attributes": {
            "enrollment_string": "",
            "id": "L_625437398251084715",
            "is_bound_to_config_template": false,
            "name": "IronMan",
            "network_id": "L_625437398251084715",
            "notes": "terraform network",
            "organization_id": "625437398251079063",
            "product_types": [
              "appliance",
              "cellularGateway",
              "switch",
              "wireless"
            ],
            "tags": [
              "cisco",
              "meraki",
              "terraform"
            ],
            "time_zone": "America/Louisville",
            "url": "https://n111.meraki.com/IronMan-cellular/n/edRJnaVb/manage/usage/list"
          },
          "sensitive_attributes": []
        }
      ]
    },
    {
      "module": "module.networks",
      "mode": "managed",
      "type": "meraki_networks_devices_claim",
      "name": "network_serials",
      "provider": "module.networks.provider[\"registry.terraform.io/cisco-open/meraki\"]",
      "instances": [
        {
          "schema_version": 0,
          "attributes": {
            "add_atomically": null,
            "item": {
              "errors": [],
              "serials": [
                "Q2KY-Q2Q3-YDXZ"
              ]
            },
            "network_id": "L_625437398251084715",
            "parameters": {
              "serials": [
                "Q2KY-Q2Q3-YDXZ"
              ]
            }
          },
          "sensitive_attributes": [
            [
              {
                "type": "get_attr",
                "value": "parameters"
              },
              {
                "type": "get_attr",
                "value": "serials"
              }
            ]
          ],
          "dependencies": [
            "module.networks.meraki_networks.network"
          ]
        }
      ]
    },
    {
      "module": "module.ssid",
      "mode": "managed",
      "type": "meraki_networks_wireless_ssids",
      "name": "all_ssids",
      "provider": "module.ssid.provider[\"registry.terraform.io/cisco-open/meraki\"]",
      "instances": [
        {
          "index_key": "1",
          "schema_version": 0,
          "attributes": {
            "active_directory": null,
            "admin_splash_url": "",
            "adult_content_filtering_enabled": false,
            "ap_tags_and_vlan_ids": null,
            "auth_mode": "psk",
            "availability_tags": null,
            "available_on_all_aps": true,
            "band_selection": "Dual band operation",
            "concentrator_network_id": null,
            "default_vlan_id": 100,
            "disassociate_clients_on_vpn_failover": null,
            "dns_rewrite": null,
            "dot11r": null,
            "dot11w": null,
            "enabled": true,
            "encryption_mode": "wpa",
            "enterprise_admin_access": null,
            "gre": null,
            "ip_assignment_mode": "Bridge mode",
            "lan_isolation_enabled": false,
            "ldap": null,
            "local_radius": null,
            "mandatory_dhcp_enabled": false,
            "min_bitrate": 11,
            "name": "cl2024-100-Pepper",
            "named_vlans": null,
            "network_id": "L_625437398251084715",
            "number": 1,
            "oauth": null,
            "per_client_bandwidth_limit_down": 0,
            "per_client_bandwidth_limit_up": 0,
            "per_ssid_bandwidth_limit_down": 0,
            "per_ssid_bandwidth_limit_up": 0,
            "psk": "cl2025-SD",
            "radius_accounting_enabled": null,
            "radius_accounting_interim_interval": null,
            "radius_accounting_servers": null,
            "radius_accounting_servers_response": null,
            "radius_attribute_for_group_policies": "",
            "radius_authentication_nas_id": null,
            "radius_called_station_id": null,
            "radius_coa_enabled": null,
            "radius_failover_policy": "",
            "radius_fallback_enabled": null,
            "radius_guest_vlan_enabled": null,
            "radius_guest_vlan_id": null,
            "radius_load_balancing_policy": "",
            "radius_override": null,
            "radius_proxy_enabled": null,
            "radius_radsec": null,
            "radius_server_attempts_limit": null,
            "radius_server_timeout": null,
            "radius_servers": null,
            "radius_servers_response": null,
            "radius_testing_enabled": null,
            "secondary_concentrator_network_id": null,
            "speed_burst": null,
            "splash_guest_sponsor_domains": null,
            "splash_page": "None",
            "splash_timeout": "",
            "ssid_admin_accessible": false,
            "use_vlan_tagging": true,
            "visible": true,
            "vlan_id": null,
            "walled_garden_enabled": null,
            "walled_garden_ranges": null,
            "wpa_encryption_mode": "WPA2 only"
          },
          "sensitive_attributes": [],
          "dependencies": [
            "module.networks.meraki_networks.network"
          ]
        },
        {
          "index_key": "2",
          "schema_version": 0,
          "attributes": {
            "active_directory": null,
            "admin_splash_url": "",
            "adult_content_filtering_enabled": false,
            "ap_tags_and_vlan_ids": null,
            "auth_mode": "psk",
            "availability_tags": null,
            "available_on_all_aps": true,
            "band_selection": "Dual band operation",
            "concentrator_network_id": null,
            "default_vlan_id": 200,
            "disassociate_clients_on_vpn_failover": null,
            "dns_rewrite": null,
            "dot11r": null,
            "dot11w": null,
            "enabled": true,
            "encryption_mode": "wpa",
            "enterprise_admin_access": null,
            "gre": null,
            "ip_assignment_mode": "Bridge mode",
            "lan_isolation_enabled": false,
            "ldap": null,
            "local_radius": null,
            "mandatory_dhcp_enabled": false,
            "min_bitrate": 11,
            "name": "cl2024-200-Jarvis",
            "named_vlans": null,
            "network_id": "L_625437398251084715",
            "number": 2,
            "oauth": null,
            "per_client_bandwidth_limit_down": 0,
            "per_client_bandwidth_limit_up": 0,
            "per_ssid_bandwidth_limit_down": 0,
            "per_ssid_bandwidth_limit_up": 0,
            "psk": "cl2025-SD",
            "radius_accounting_enabled": null,
            "radius_accounting_interim_interval": null,
            "radius_accounting_servers": null,
            "radius_accounting_servers_response": null,
            "radius_attribute_for_group_policies": "",
            "radius_authentication_nas_id": null,
            "radius_called_station_id": null,
            "radius_coa_enabled": null,
            "radius_failover_policy": "",
            "radius_fallback_enabled": null,
            "radius_guest_vlan_enabled": null,
            "radius_guest_vlan_id": null,
            "radius_load_balancing_policy": "",
            "radius_override": null,
            "radius_proxy_enabled": null,
            "radius_radsec": null,
            "radius_server_attempts_limit": null,
            "radius_server_timeout": null,
            "radius_servers": null,
            "radius_servers_response": null,
            "radius_testing_enabled": null,
            "secondary_concentrator_network_id": null,
            "speed_burst": null,
            "splash_guest_sponsor_domains": null,
            "splash_page": "None",
            "splash_timeout": "",
            "ssid_admin_accessible": false,
            "use_vlan_tagging": true,
            "visible": true,
            "vlan_id": null,
            "walled_garden_enabled": null,
            "walled_garden_ranges": null,
            "wpa_encryption_mode": "WPA2 only"
          },
          "sensitive_attributes": [],
          "dependencies": [
            "module.networks.meraki_networks.network"
          ]
        }
      ]
    }
  ],
  "check_results": null
}
